<?xml version="1.0" encoding="utf-8"?>
<Project ToolsVersion="4.0" xmlns="http://schemas.microsoft.com/developer/msbuild/2003">
  <ItemGroup>
    <ClCompile Include="..\Source\Behaviour\Behaviours.cpp" />
    <ClCompile Include="..\Source\Almanac.cpp" />
    <ClCompile Include="..\Source\Boss.cpp" />
    <ClCompile Include="..\Source\BoundaryCollision.cpp" />
    <ClCompile Include="..\Source\Collision.cpp" />
    <ClCompile Include="..\Source\Enemy.cpp" />
    <ClCompile Include="..\Source\FSM.cpp" />
    <ClCompile Include="..\Source\GameStateManager.cpp" />
    <ClCompile Include="..\Source\Gift.cpp" />
    <ClCompile Include="..\Source\HUD.cpp" />
    <ClCompile Include="..\Source\Loaders\DataLoader.cpp" />
    <ClCompile Include="..\Source\Grid.cpp" />
    <ClCompile Include="..\Source\Main.cpp" />
    <ClCompile Include="..\Source\Player.cpp" />
    <ClCompile Include="..\Source\Projectile.cpp" />
    <ClCompile Include="..\Source\ProjectileManager.cpp" />
    <ClCompile Include="..\Source\RoomData.cpp" />
    <ClCompile Include="..\Source\Scenes\TestScene.cpp" />
    <ClCompile Include="..\Source\Sprite.cpp" />
    <ClCompile Include="..\Source\Traits.cpp" />
    <ClCompile Include="..\Source\Utils\Utils.cpp" />
    <ClCompile Include="..\Source\rooms.cpp" />
    <ClCompile Include="..\Source\Audio.cpp" />
  </ItemGroup>
  <ItemGroup>
    <ClInclude Include="..\Source\Almanac.h" />
    <ClInclude Include="..\Source\Boss.h" />
    <ClInclude Include="..\Source\BoundaryCollision.h" />
    <ClInclude Include="..\Source\Collision.h" />
    <ClInclude Include="..\Source\Behaviour\Behaviours.h" />
    <ClInclude Include="..\Source\Enemy.h" />
    <ClInclude Include="..\Source\FSM.h" />
    <ClInclude Include="..\Source\GameStateList.h" />
    <ClInclude Include="..\Source\GameStateManager.h" />
    <ClInclude Include="..\Source\Gift.h" />
    <ClInclude Include="..\Source\HUD.h" />
    <ClInclude Include="..\Source\Player.h" />
    <ClInclude Include="..\Source\Loaders\DataLoader.h" />
    <ClInclude Include="..\Source\Projectile.h" />
    <ClInclude Include="..\Source\ProjectileManager.h" />
    <ClInclude Include="..\Source\RoomData.h" />
    <ClInclude Include="..\Source\Grid.h" />
    <ClInclude Include="..\Source\Scenes\TestScene.h" />
    <ClInclude Include="..\Source\rooms.h" />
    <ClInclude Include="..\Source\Sprite.h" />
    <ClInclude Include="..\Source\Traits.h" />
    <ClInclude Include="..\Source\Utils\Utils.h" />
    <ClInclude Include="..\Source\Utils\Vector2.hpp" />
    <ClInclude Include="..\Source\Audio.h" />
    <ClCompile Include="..\Source\Main.cpp">
      <Filter>Source Files</Filter>
    </ClCompile>
    <ClCompile Include="..\Source\FSM.cpp">
      <Filter>Source Files</Filter>
    </ClCompile>
    <ClCompile Include="..\Source\GameStateManager.cpp">
      <Filter>Source Files</Filter>
    </ClCompile>
    <ClCompile Include="..\Source\Gift.cpp">
      <Filter>Source Files</Filter>
    </ClCompile>
    <ClCompile Include="..\Source\HUD.cpp">
      <Filter>Source Files</Filter>
    </ClCompile>
    <ClCompile Include="..\Source\Loaders\DataLoader.cpp">
      <Filter>Source Files</Filter>
    </ClCompile>
    <ClCompile Include="..\Source\Grid.cpp">
      <Filter>Source Files</Filter>
    </ClCompile>
    <ClCompile Include="..\Source\Main.cpp">
      <Filter>Source Files</Filter>
    </ClCompile>
    <ClCompile Include="..\Source\Player.cpp">
      <Filter>Source Files</Filter>
    </ClCompile>
    <ClCompile Include="..\Source\Projectile.cpp">
      <Filter>Source Files</Filter>
    </ClCompile>
    <ClCompile Include="..\Source\ProjectileManager.cpp">
      <Filter>Source Files</Filter>
    </ClCompile>
    <ClCompile Include="..\Source\RoomData.cpp">
      <Filter>Source Files</Filter>
    </ClCompile>
    <ClCompile Include="..\Source\Scenes\TestScene.cpp">
      <Filter>Source Files</Filter>
    </ClCompile>
    <ClCompile Include="..\Source\Sprite.cpp">
      <Filter>Source Files</Filter>
    </ClCompile>
    <ClCompile Include="..\Source\Traits.cpp">
      <Filter>Source Files</Filter>
    </ClCompile>
    <ClCompile Include="..\Source\Utils\Utils.cpp">
      <Filter>Source Files</Filter>
    </ClCompile>
    <ClCompile Include="..\Source\rooms.cpp">
      <Filter>Source Files</Filter>
    </ClCompile>
    <ClCompile Include="..\Source\ParticleSystem.cpp">
      <Filter>Source Files</Filter>
    </ClCompile>
    <ClCompile Include="..\Source\Levels.cpp">
      <Filter>Source Files</Filter>
    </ClCompile>
    <ClCompile Include="..\Source\ProjectileManager.cpp">
      <Filter>Source Files</Filter>
    </ClCompile>
    <ClCompile Include="..\Source\Boss.cpp"> 
      <Filter>Source Files</Filter>
    </ClCompile>
    <ClCompile Include="..\Source\Screens\Ui.cpp">
      <Filter>Source Files</Filter>
    </ClCompile>
    <ClCompile Include="..\Source\Screens\MainMenuScene.cpp">
      <Filter>Source Files</Filter>
    </ClCompile>
  </ItemGroup>
  <ItemGroup>
    <ClInclude Include="..\Source\Almanac.h">
      <Filter>Header Files</Filter>
    </ClInclude>
    <ClInclude Include="..\Source\Boss.h">
      <Filter>Header Files</Filter>
    </ClInclude>
    <ClInclude Include="..\Source\BoundaryCollision.h">
      <Filter>Header Files</Filter>
    </ClInclude>
    <ClInclude Include="..\Source\Collision.h">
      <Filter>Header Files</Filter>
    </ClInclude>
    <ClInclude Include="..\Source\Behaviour\Behaviours.h">
      <Filter>Header Files</Filter>
    </ClInclude>
    <ClInclude Include="..\Source\Enemy.h">
      <Filter>Header Files</Filter>
    </ClInclude>
    <ClInclude Include="..\Source\FSM.h">
      <Filter>Header Files</Filter>
    </ClInclude>
    <ClInclude Include="..\Source\GameStateList.h">
      <Filter>Header Files</Filter>
    </ClInclude>
    <ClInclude Include="..\Source\GameStateManager.h">
      <Filter>Header Files</Filter>
    </ClInclude>
    <ClInclude Include="..\Source\Gift.h">
      <Filter>Header Files</Filter>
    </ClInclude>
    <ClInclude Include="..\Source\HUD.h">
      <Filter>Header Files</Filter>
    </ClInclude>
    <ClInclude Include="..\Source\Player.h">
      <Filter>Header Files</Filter>
    </ClInclude>
    <ClInclude Include="..\Source\Loaders\DataLoader.h">
      <Filter>Header Files</Filter>
    </ClInclude>
    <ClInclude Include="..\Source\Projectile.h">
      <Filter>Header Files</Filter>
    </ClInclude>
    <ClInclude Include="..\Source\ProjectileManager.h">
      <Filter>Header Files</Filter>
    </ClInclude>
    <ClInclude Include="..\Source\RoomData.h">
      <Filter>Header Files</Filter>
    </ClInclude>
    <ClInclude Include="..\Source\Grid.h">
      <Filter>Header Files</Filter>
    </ClInclude>
    <ClInclude Include="..\Source\Scenes\TestScene.h">
      <Filter>Header Files</Filter>
    </ClInclude>
    <ClInclude Include="..\Source\rooms.h">
      <Filter>Header Files</Filter>
    </ClInclude>
    <ClInclude Include="..\Source\Sprite.h">
      <Filter>Header Files</Filter>
    </ClInclude>
    <ClInclude Include="..\Source\Traits.h">
      <Filter>Header Files</Filter>
    </ClInclude>
    <ClInclude Include="..\Source\Utils\Utils.h">
      <Filter>Header Files</Filter>
    </ClInclude>
    <ClInclude Include="..\Source\Utils\Vector2.hpp">
      <Filter>Header Files</Filter>
    </ClInclude>
    <ClInclude Include="..\Source\ParticleSystem.h">
      <Filter>Header Files</Filter>
    </ClInclude>
    <ClInclude Include="..\Source\Levels.h">
      <Filter>Header Files</Filter>
    </ClInclude>
    <ClInclude Include="..\Source\Screens\Ui.h">
      <Filter>Header Files</Filter>
    </ClInclude>
    <ClInclude Include="..\Source\Screens\MainMenuScene.h">
      <Filter>Header Files</Filter>
    </ClInclude>
  </ItemGroup>
  <ItemGroup>
    <None Include="packages.config" />
  </ItemGroup>
</Project>